
Microsoft Visual Studio Solution File, Format Version 12.00
# Visual Studio Version 16
VisualStudioVersion = 16.0.30309.148
MinimumVisualStudioVersion = 10.0.40219.1
Project("{FAE04EC0-301F-11D3-BF4B-00C04F79EFBC}") = "LP_03(OOP)", "LP_03(OOP)\LP_03(OOP).csproj", "{DC94A4E5-EFCA-4418-8338-8D63088CD028}"
EndProject
Global
	GlobalSection(SolutionConfigurationPlatforms) = preSolution
		Debug|Any CPU = Debug|Any CPU
		Release|Any CPU = Release|Any CPU
	EndGlobalSection
	GlobalSection(ProjectConfigurationPlatforms) = postSolution
		{DC94A4E5-EFCA-4418-8338-8D63088CD028}.Debug|Any CPU.ActiveCfg = Debug|Any CPU
		{DC94A4E5-EFCA-4418-8338-8D63088CD028}.Debug|Any CPU.Build.0 = Debug|Any CPU
		{DC94A4E5-EFCA-4418-8338-8D63088CD028}.Release|Any CPU.ActiveCfg = Release|Any CPU
		{DC94A4E5-EFCA-4418-8338-8D63088CD028}.Release|Any CPU.Build.0 = Release|Any CPU
	EndGlobalSection
	GlobalSection(SolutionProperties) = preSolution
		HideSolutionNode = FALSE
	EndGlobalSection
	GlobalSection(ExtensibilityGlobals) = postSolution
		SolutionGuid = {F824A61B-9EF3-4BB1-AD82-33EC3D2E61E3}
	EndGlobalSection
EndGlobal
